// !$*UTF8*$!
{
	archiveVersion = 1;
	classes = {
	};
	objectVersion = 56;
	objects = {

/* Begin PBXBuildFile section */
		1B66840A2B1E6576006C5E33 /* AppDelegate.swift in Sources */ = {isa = PBXBuildFile; fileRef = 1B6684092B1E6576006C5E33 /* AppDelegate.swift */; };
		1B66840C2B1E6576006C5E33 /* SceneDelegate.swift in Sources */ = {isa = PBXBuildFile; fileRef = 1B66840B2B1E6576006C5E33 /* SceneDelegate.swift */; };
		1B6684112B1E6576006C5E33 /* Main.storyboard in Resources */ = {isa = PBXBuildFile; fileRef = 1B66840F2B1E6576006C5E33 /* Main.storyboard */; };
		1B6684142B1E6576006C5E33 /* SwitchWizard.xcdatamodeld in Sources */ = {isa = PBXBuildFile; fileRef = 1B6684122B1E6576006C5E33 /* SwitchWizard.xcdatamodeld */; };
		1B6684162B1E6577006C5E33 /* Assets.xcassets in Resources */ = {isa = PBXBuildFile; fileRef = 1B6684152B1E6577006C5E33 /* Assets.xcassets */; };
		1B6684192B1E6577006C5E33 /* LaunchScreen.storyboard in Resources */ = {isa = PBXBuildFile; fileRef = 1B6684172B1E6577006C5E33 /* LaunchScreen.storyboard */; };
		1B6684242B1E6577006C5E33 /* SwitchWizardTests.swift in Sources */ = {isa = PBXBuildFile; fileRef = 1B6684232B1E6577006C5E33 /* SwitchWizardTests.swift */; };
		1B66842E2B1E6577006C5E33 /* SwitchWizardUITests.swift in Sources */ = {isa = PBXBuildFile; fileRef = 1B66842D2B1E6577006C5E33 /* SwitchWizardUITests.swift */; };
		1B6684302B1E6577006C5E33 /* SwitchWizardUITestsLaunchTests.swift in Sources */ = {isa = PBXBuildFile; fileRef = 1B66842F2B1E6577006C5E33 /* SwitchWizardUITestsLaunchTests.swift */; };
		1B6684402B1E7032006C5E33 /* HomePage.swift in Sources */ = {isa = PBXBuildFile; fileRef = 1B66843F2B1E7032006C5E33 /* HomePage.swift */; };
		1B6684432B1E7089006C5E33 /* TimeData.swift in Sources */ = {isa = PBXBuildFile; fileRef = 1B6684422B1E7089006C5E33 /* TimeData.swift */; };
		1B6684462B1E70A6006C5E33 /* TimeZoneTableViewCell.swift in Sources */ = {isa = PBXBuildFile; fileRef = 1B6684442B1E70A6006C5E33 /* TimeZoneTableViewCell.swift */; };
		1B6684472B1E70A6006C5E33 /* TimeZoneTableViewCell.xib in Resources */ = {isa = PBXBuildFile; fileRef = 1B6684452B1E70A6006C5E33 /* TimeZoneTableViewCell.xib */; };
		1B6684492B1E70CB006C5E33 /* Temperature.swift in Sources */ = {isa = PBXBuildFile; fileRef = 1B6684482B1E70CB006C5E33 /* Temperature.swift */; };
		1B66844B2B1E70F3006C5E33 /* HeightViewController.swift in Sources */ = {isa = PBXBuildFile; fileRef = 1B66844A2B1E70F3006C5E33 /* HeightViewController.swift */; };
		1B66844D2B1E7111006C5E33 /* WeightViewController.swift in Sources */ = {isa = PBXBuildFile; fileRef = 1B66844C2B1E7111006C5E33 /* WeightViewController.swift */; };
		1B66844F2B1E713C006C5E33 /* VolumeViewController.swift in Sources */ = {isa = PBXBuildFile; fileRef = 1B66844E2B1E713C006C5E33 /* VolumeViewController.swift */; };
		1B6684512B1E718E006C5E33 /* UtilityClass.swift in Sources */ = {isa = PBXBuildFile; fileRef = 1B6684502B1E718E006C5E33 /* UtilityClass.swift */; };
/* End PBXBuildFile section */

/* Begin PBXContainerItemProxy section */
		1B6684202B1E6577006C5E33 /* PBXContainerItemProxy */ = {
			isa = PBXContainerItemProxy;
			containerPortal = 1B6683FE2B1E6576006C5E33 /* Project object */;
			proxyType = 1;
			remoteGlobalIDString = 1B6684052B1E6576006C5E33;
			remoteInfo = SwitchWizard;
		};
		1B66842A2B1E6577006C5E33 /* PBXContainerItemProxy */ = {
			isa = PBXContainerItemProxy;
			containerPortal = 1B6683FE2B1E6576006C5E33 /* Project object */;
			proxyType = 1;
			remoteGlobalIDString = 1B6684052B1E6576006C5E33;
			remoteInfo = SwitchWizard;
		};
/* End PBXContainerItemProxy section */

/* Begin PBXFileReference section */
		1B6684062B1E6576006C5E33 /* SwitchWizard.app */ = {isa = PBXFileReference; explicitFileType = wrapper.application; includeInIndex = 0; path = SwitchWizard.app; sourceTree = BUILT_PRODUCTS_DIR; };
		1B6684092B1E6576006C5E33 /* AppDelegate.swift */ = {isa = PBXFileReference; lastKnownFileType = sourcecode.swift; path = AppDelegate.swift; sourceTree = "<group>"; };
		1B66840B2B1E6576006C5E33 /* SceneDelegate.swift */ = {isa = PBXFileReference; lastKnownFileType = sourcecode.swift; path = SceneDelegate.swift; sourceTree = "<group>"; };
		1B6684102B1E6576006C5E33 /* Base */ = {isa = PBXFileReference; lastKnownFileType = file.storyboard; name = Base; path = Base.lproj/Main.storyboard; sourceTree = "<group>"; };
		1B6684132B1E6576006C5E33 /* SwitchWizard.xcdatamodel */ = {isa = PBXFileReference; lastKnownFileType = wrapper.xcdatamodel; path = SwitchWizard.xcdatamodel; sourceTree = "<group>"; };
		1B6684152B1E6577006C5E33 /* Assets.xcassets */ = {isa = PBXFileReference; lastKnownFileType = folder.assetcatalog; path = Assets.xcassets; sourceTree = "<group>"; };
		1B6684182B1E6577006C5E33 /* Base */ = {isa = PBXFileReference; lastKnownFileType = file.storyboard; name = Base; path = Base.lproj/LaunchScreen.storyboard; sourceTree = "<group>"; };
		1B66841A2B1E6577006C5E33 /* Info.plist */ = {isa = PBXFileReference; lastKnownFileType = text.plist.xml; path = Info.plist; sourceTree = "<group>"; };
		1B66841F2B1E6577006C5E33 /* SwitchWizardTests.xctest */ = {isa = PBXFileReference; explicitFileType = wrapper.cfbundle; includeInIndex = 0; path = SwitchWizardTests.xctest; sourceTree = BUILT_PRODUCTS_DIR; };
		1B6684232B1E6577006C5E33 /* SwitchWizardTests.swift */ = {isa = PBXFileReference; lastKnownFileType = sourcecode.swift; path = SwitchWizardTests.swift; sourceTree = "<group>"; };
		1B6684292B1E6577006C5E33 /* SwitchWizardUITests.xctest */ = {isa = PBXFileReference; explicitFileType = wrapper.cfbundle; includeInIndex = 0; path = SwitchWizardUITests.xctest; sourceTree = BUILT_PRODUCTS_DIR; };
		1B66842D2B1E6577006C5E33 /* SwitchWizardUITests.swift */ = {isa = PBXFileReference; lastKnownFileType = sourcecode.swift; path = SwitchWizardUITests.swift; sourceTree = "<group>"; };
		1B66842F2B1E6577006C5E33 /* SwitchWizardUITestsLaunchTests.swift */ = {isa = PBXFileReference; lastKnownFileType = sourcecode.swift; path = SwitchWizardUITestsLaunchTests.swift; sourceTree = "<group>"; };
		1B66843F2B1E7032006C5E33 /* HomePage.swift */ = {isa = PBXFileReference; lastKnownFileType = sourcecode.swift; path = HomePage.swift; sourceTree = "<group>"; };
		1B6684422B1E7089006C5E33 /* TimeData.swift */ = {isa = PBXFileReference; lastKnownFileType = sourcecode.swift; path = TimeData.swift; sourceTree = "<group>"; };
		1B6684442B1E70A6006C5E33 /* TimeZoneTableViewCell.swift */ = {isa = PBXFileReference; lastKnownFileType = sourcecode.swift; path = TimeZoneTableViewCell.swift; sourceTree = "<group>"; };
		1B6684452B1E70A6006C5E33 /* TimeZoneTableViewCell.xib */ = {isa = PBXFileReference; lastKnownFileType = file.xib; path = TimeZoneTableViewCell.xib; sourceTree = "<group>"; };
		1B6684482B1E70CB006C5E33 /* Temperature.swift */ = {isa = PBXFileReference; lastKnownFileType = sourcecode.swift; path = Temperature.swift; sourceTree = "<group>"; };
		1B66844A2B1E70F3006C5E33 /* HeightViewController.swift */ = {isa = PBXFileReference; lastKnownFileType = sourcecode.swift; path = HeightViewController.swift; sourceTree = "<group>"; };
		1B66844C2B1E7111006C5E33 /* WeightViewController.swift */ = {isa = PBXFileReference; lastKnownFileType = sourcecode.swift; path = WeightViewController.swift; sourceTree = "<group>"; };
		1B66844E2B1E713C006C5E33 /* VolumeViewController.swift */ = {isa = PBXFileReference; lastKnownFileType = sourcecode.swift; path = VolumeViewController.swift; sourceTree = "<group>"; };
		1B6684502B1E718E006C5E33 /* UtilityClass.swift */ = {isa = PBXFileReference; lastKnownFileType = sourcecode.swift; path = UtilityClass.swift; sourceTree = "<group>"; };
/* End PBXFileReference section */

/* Begin PBXFrameworksBuildPhase section */
		1B6684032B1E6576006C5E33 /* Frameworks */ = {
			isa = PBXFrameworksBuildPhase;
			buildActionMask = 2147483647;
			files = (
			);
			runOnlyForDeploymentPostprocessing = 0;
		};
		1B66841C2B1E6577006C5E33 /* Frameworks */ = {
			isa = PBXFrameworksBuildPhase;
			buildActionMask = 2147483647;
			files = (
			);
			runOnlyForDeploymentPostprocessing = 0;
		};
		1B6684262B1E6577006C5E33 /* Frameworks */ = {
			isa = PBXFrameworksBuildPhase;
			buildActionMask = 2147483647;
			files = (
			);
			runOnlyForDeploymentPostprocessing = 0;
		};
/* End PBXFrameworksBuildPhase section */

/* Begin PBXGroup section */
		1B6683FD2B1E6576006C5E33 = {
			isa = PBXGroup;
			children = (
				1B6684082B1E6576006C5E33 /* SwitchWizard */,
				1B6684222B1E6577006C5E33 /* SwitchWizardTests */,
				1B66842C2B1E6577006C5E33 /* SwitchWizardUITests */,
				1B6684072B1E6576006C5E33 /* Products */,
			);
			sourceTree = "<group>";
		};
		1B6684072B1E6576006C5E33 /* Products */ = {
			isa = PBXGroup;
			children = (
				1B6684062B1E6576006C5E33 /* SwitchWizard.app */,
				1B66841F2B1E6577006C5E33 /* SwitchWizardTests.xctest */,
				1B6684292B1E6577006C5E33 /* SwitchWizardUITests.xctest */,
			);
			name = Products;
			sourceTree = "<group>";
		};
		1B6684082B1E6576006C5E33 /* SwitchWizard */ = {
			isa = PBXGroup;
			children = (
				1B66843C2B1E6FE1006C5E33 /* Main */,
				1B66843D2B1E6FED006C5E33 /* HomePage */,
				1B66843E2B1E6FFD006C5E33 /* Converters */,
				1B66840F2B1E6576006C5E33 /* Main.storyboard */,
				1B6684152B1E6577006C5E33 /* Assets.xcassets */,
				1B66841A2B1E6577006C5E33 /* Info.plist */,
				1B6684122B1E6576006C5E33 /* SwitchWizard.xcdatamodeld */,
			);
			path = SwitchWizard;
			sourceTree = "<group>";
		};
		1B6684222B1E6577006C5E33 /* SwitchWizardTests */ = {
			isa = PBXGroup;
			children = (
				1B6684232B1E6577006C5E33 /* SwitchWizardTests.swift */,
			);
			path = SwitchWizardTests;
			sourceTree = "<group>";
		};
		1B66842C2B1E6577006C5E33 /* SwitchWizardUITests */ = {
			isa = PBXGroup;
			children = (
				1B66842D2B1E6577006C5E33 /* SwitchWizardUITests.swift */,
				1B66842F2B1E6577006C5E33 /* SwitchWizardUITestsLaunchTests.swift */,
			);
			path = SwitchWizardUITests;
			sourceTree = "<group>";
		};
		1B66843C2B1E6FE1006C5E33 /* Main */ = {
			isa = PBXGroup;
			children = (
				1B6684092B1E6576006C5E33 /* AppDelegate.swift */,
				1B66840B2B1E6576006C5E33 /* SceneDelegate.swift */,
				1B6684172B1E6577006C5E33 /* LaunchScreen.storyboard */,
				1B6684502B1E718E006C5E33 /* UtilityClass.swift */,
			);
			path = Main;
			sourceTree = "<group>";
		};
		1B66843D2B1E6FED006C5E33 /* HomePage */ = {
			isa = PBXGroup;
			children = (
				1B66843F2B1E7032006C5E33 /* HomePage.swift */,
				1B6684412B1E7049006C5E33 /* TabelViewCell */,
			);
			path = HomePage;
			sourceTree = "<group>";
		};
		1B66843E2B1E6FFD006C5E33 /* Converters */ = {
			isa = PBXGroup;
			children = (
				1B6684482B1E70CB006C5E33 /* Temperature.swift */,
				1B66844A2B1E70F3006C5E33 /* HeightViewController.swift */,
				1B66844C2B1E7111006C5E33 /* WeightViewController.swift */,
				1B66844E2B1E713C006C5E33 /* VolumeViewController.swift */,
			);
			path = Converters;
			sourceTree = "<group>";
		};
		1B6684412B1E7049006C5E33 /* TabelViewCell */ = {
			isa = PBXGroup;
			children = (
				1B6684422B1E7089006C5E33 /* TimeData.swift */,
				1B6684442B1E70A6006C5E33 /* TimeZoneTableViewCell.swift */,
				1B6684452B1E70A6006C5E33 /* TimeZoneTableViewCell.xib */,
			);
			path = TabelViewCell;
			sourceTree = "<group>";
		};
/* End PBXGroup section */

/* Begin PBXNativeTarget section */
		1B6684052B1E6576006C5E33 /* SwitchWizard */ = {
			isa = PBXNativeTarget;
			buildConfigurationList = 1B6684332B1E6577006C5E33 /* Build configuration list for PBXNativeTarget "SwitchWizard" */;
			buildPhases = (
				1B6684022B1E6576006C5E33 /* Sources */,
				1B6684032B1E6576006C5E33 /* Frameworks */,
				1B6684042B1E6576006C5E33 /* Resources */,
			);
			buildRules = (
			);
			dependencies = (
			);
			name = SwitchWizard;
			productName = SwitchWizard;
			productReference = 1B6684062B1E6576006C5E33 /* SwitchWizard.app */;
			productType = "com.apple.product-type.application";
		};
		1B66841E2B1E6577006C5E33 /* SwitchWizardTests */ = {
			isa = PBXNativeTarget;
			buildConfigurationList = 1B6684362B1E6577006C5E33 /* Build configuration list for PBXNativeTarget "SwitchWizardTests" */;
			buildPhases = (
				1B66841B2B1E6577006C5E33 /* Sources */,
				1B66841C2B1E6577006C5E33 /* Frameworks */,
				1B66841D2B1E6577006C5E33 /* Resources */,
			);
			buildRules = (
			);
			dependencies = (
				1B6684212B1E6577006C5E33 /* PBXTargetDependency */,
			);
			name = SwitchWizardTests;
			productName = SwitchWizardTests;
			productReference = 1B66841F2B1E6577006C5E33 /* SwitchWizardTests.xctest */;
			productType = "com.apple.product-type.bundle.unit-test";
		};
		1B6684282B1E6577006C5E33 /* SwitchWizardUITests */ = {
			isa = PBXNativeTarget;
			buildConfigurationList = 1B6684392B1E6577006C5E33 /* Build configuration list for PBXNativeTarget "SwitchWizardUITests" */;
			buildPhases = (
				1B6684252B1E6577006C5E33 /* Sources */,
				1B6684262B1E6577006C5E33 /* Frameworks */,
				1B6684272B1E6577006C5E33 /* Resources */,
			);
			buildRules = (
			);
			dependencies = (
				1B66842B2B1E6577006C5E33 /* PBXTargetDependency */,
			);
			name = SwitchWizardUITests;
			productName = SwitchWizardUITests;
			productReference = 1B6684292B1E6577006C5E33 /* SwitchWizardUITests.xctest */;
			productType = "com.apple.product-type.bundle.ui-testing";
		};
/* End PBXNativeTarget section */

/* Begin PBXProject section */
		1B6683FE2B1E6576006C5E33 /* Project object */ = {
			isa = PBXProject;
			attributes = {
				BuildIndependentTargetsInParallel = 1;
				LastSwiftUpdateCheck = 1500;
				LastUpgradeCheck = 1500;
				TargetAttributes = {
					1B6684052B1E6576006C5E33 = {
						CreatedOnToolsVersion = 15.0;
					};
					1B66841E2B1E6577006C5E33 = {
						CreatedOnToolsVersion = 15.0;
						TestTargetID = 1B6684052B1E6576006C5E33;
					};
					1B6684282B1E6577006C5E33 = {
						CreatedOnToolsVersion = 15.0;
						TestTargetID = 1B6684052B1E6576006C5E33;
					};
				};
			};
			buildConfigurationList = 1B6684012B1E6576006C5E33 /* Build configuration list for PBXProject "SwitchWizard" */;
			compatibilityVersion = "Xcode 14.0";
			developmentRegion = en;
			hasScannedForEncodings = 0;
			knownRegions = (
				en,
				Base,
			);
			mainGroup = 1B6683FD2B1E6576006C5E33;
			productRefGroup = 1B6684072B1E6576006C5E33 /* Products */;
			projectDirPath = "";
			projectRoot = "";
			targets = (
				1B6684052B1E6576006C5E33 /* SwitchWizard */,
				1B66841E2B1E6577006C5E33 /* SwitchWizardTests */,
				1B6684282B1E6577006C5E33 /* SwitchWizardUITests */,
			);
		};
/* End PBXProject section */

/* Begin PBXResourcesBuildPhase section */
		1B6684042B1E6576006C5E33 /* Resources */ = {
			isa = PBXResourcesBuildPhase;
			buildActionMask = 2147483647;
			files = (
				1B6684472B1E70A6006C5E33 /* TimeZoneTableViewCell.xib in Resources */,
				1B6684192B1E6577006C5E33 /* LaunchScreen.storyboard in Resources */,
				1B6684162B1E6577006C5E33 /* Assets.xcassets in Resources */,
				1B6684112B1E6576006C5E33 /* Main.storyboard in Resources */,
			);
			runOnlyForDeploymentPostprocessing = 0;
		};
		1B66841D2B1E6577006C5E33 /* Resources */ = {
			isa = PBXResourcesBuildPhase;
			buildActionMask = 2147483647;
			files = (
			);
			runOnlyForDeploymentPostprocessing = 0;
		};
		1B6684272B1E6577006C5E33 /* Resources */ = {
			isa = PBXResourcesBuildPhase;
			buildActionMask = 2147483647;
			files = (
			);
			runOnlyForDeploymentPostprocessing = 0;
		};
/* End PBXResourcesBuildPhase section */

/* Begin PBXSourcesBuildPhase section */
		1B6684022B1E6576006C5E33 /* Sources */ = {
			isa = PBXSourcesBuildPhase;
			buildActionMask = 2147483647;
			files = (
				1B66844D2B1E7111006C5E33 /* WeightViewController.swift in Sources */,
				1B6684462B1E70A6006C5E33 /* TimeZoneTableViewCell.swift in Sources */,
				1B6684142B1E6576006C5E33 /* SwitchWizard.xcdatamodeld in Sources */,
				1B66840A2B1E6576006C5E33 /* AppDelegate.swift in Sources */,
				1B66840C2B1E6576006C5E33 /* SceneDelegate.swift in Sources */,
				1B6684432B1E7089006C5E33 /* TimeData.swift in Sources */,
				1B66844F2B1E713C006C5E33 /* VolumeViewController.swift in Sources */,
				1B66844B2B1E70F3006C5E33 /* HeightViewController.swift in Sources */,
				1B6684492B1E70CB006C5E33 /* Temperature.swift in Sources */,
				1B6684402B1E7032006C5E33 /* HomePage.swift in Sources */,
				1B6684512B1E718E006C5E33 /* UtilityClass.swift in Sources */,
			);
			runOnlyForDeploymentPostprocessing = 0;
		};
		1B66841B2B1E6577006C5E33 /* Sources */ = {
			isa = PBXSourcesBuildPhase;
			buildActionMask = 2147483647;
			files = (
				1B6684242B1E6577006C5E33 /* SwitchWizardTests.swift in Sources */,
			);
			runOnlyForDeploymentPostprocessing = 0;
		};
		1B6684252B1E6577006C5E33 /* Sources */ = {
			isa = PBXSourcesBuildPhase;
			buildActionMask = 2147483647;
			files = (
				1B66842E2B1E6577006C5E33 /* SwitchWizardUITests.swift in Sources */,
				1B6684302B1E6577006C5E33 /* SwitchWizardUITestsLaunchTests.swift in Sources */,
			);
			runOnlyForDeploymentPostprocessing = 0;
		};
/* End PBXSourcesBuildPhase section */

/* Begin PBXTargetDependency section */
		1B6684212B1E6577006C5E33 /* PBXTargetDependency */ = {
			isa = PBXTargetDependency;
			target = 1B6684052B1E6576006C5E33 /* SwitchWizard */;
			targetProxy = 1B6684202B1E6577006C5E33 /* PBXContainerItemProxy */;
		};
		1B66842B2B1E6577006C5E33 /* PBXTargetDependency */ = {
			isa = PBXTargetDependency;
			target = 1B6684052B1E6576006C5E33 /* SwitchWizard */;
			targetProxy = 1B66842A2B1E6577006C5E33 /* PBXContainerItemProxy */;
		};
/* End PBXTargetDependency section */

/* Begin PBXVariantGroup section */
		1B66840F2B1E6576006C5E33 /* Main.storyboard */ = {
			isa = PBXVariantGroup;
			children = (
				1B6684102B1E6576006C5E33 /* Base */,
			);
			name = Main.storyboard;
			sourceTree = "<group>";
		};
		1B6684172B1E6577006C5E33 /* LaunchScreen.storyboard */ = {
			isa = PBXVariantGroup;
			children = (
				1B6684182B1E6577006C5E33 /* Base */,
			);
			name = LaunchScreen.storyboard;
			sourceTree = "<group>";
		};
/* End PBXVariantGroup section */

/* Begin XCBuildConfiguration section */
		1B6684312B1E6577006C5E33 /* Debug */ = {
			isa = XCBuildConfiguration;
			buildSettings = {
				ALWAYS_SEARCH_USER_PATHS = NO;
				ASSETCATALOG_COMPILER_GENERATE_SWIFT_ASSET_SYMBOL_EXTENSIONS = YES;
				CLANG_ANALYZER_NONNULL = YES;
				CLANG_ANALYZER_NUMBER_OBJECT_CONVERSION = YES_AGGRESSIVE;
				CLANG_CXX_LANGUAGE_STANDARD = "gnu++20";
				CLANG_ENABLE_MODULES = YES;
				CLANG_ENABLE_OBJC_ARC = YES;
				CLANG_ENABLE_OBJC_WEAK = YES;
				CLANG_WARN_BLOCK_CAPTURE_AUTORELEASING = YES;
				CLANG_WARN_BOOL_CONVERSION = YES;
				CLANG_WARN_COMMA = YES;
				CLANG_WARN_CONSTANT_CONVERSION = YES;
				CLANG_WARN_DEPRECATED_OBJC_IMPLEMENTATIONS = YES;
				CLANG_WARN_DIRECT_OBJC_ISA_USAGE = YES_ERROR;
				CLANG_WARN_DOCUMENTATION_COMMENTS = YES;
				CLANG_WARN_EMPTY_BODY = YES;
				CLANG_WARN_ENUM_CONVERSION = YES;
				CLANG_WARN_INFINITE_RECURSION = YES;
				CLANG_WARN_INT_CONVERSION = YES;
				CLANG_WARN_NON_LITERAL_NULL_CONVERSION = YES;
				CLANG_WARN_OBJC_IMPLICIT_RETAIN_SELF = YES;
				CLANG_WARN_OBJC_LITERAL_CONVERSION = YES;
				CLANG_WARN_OBJC_ROOT_CLASS = YES_ERROR;
				CLANG_WARN_QUOTED_INCLUDE_IN_FRAMEWORK_HEADER = YES;
				CLANG_WARN_RANGE_LOOP_ANALYSIS = YES;
				CLANG_WARN_STRICT_PROTOTYPES = YES;
				CLANG_WARN_SUSPICIOUS_MOVE = YES;
				CLANG_WARN_UNGUARDED_AVAILABILITY = YES_AGGRESSIVE;
				CLANG_WARN_UNREACHABLE_CODE = YES;
				CLANG_WARN__DUPLICATE_METHOD_MATCH = YES;
				COPY_PHASE_STRIP = NO;
				DEBUG_INFORMATION_FORMAT = dwarf;
				ENABLE_STRICT_OBJC_MSGSEND = YES;
				ENABLE_TESTABILITY = YES;
				ENABLE_USER_SCRIPT_SANDBOXING = YES;
				GCC_C_LANGUAGE_STANDARD = gnu17;
				GCC_DYNAMIC_NO_PIC = NO;
				GCC_NO_COMMON_BLOCKS = YES;
				GCC_OPTIMIZATION_LEVEL = 0;
				GCC_PREPROCESSOR_DEFINITIONS = (
					"DEBUG=1",
					"$(inherited)",
				);
				GCC_WARN_64_TO_32_BIT_CONVERSION = YES;
				GCC_WARN_ABOUT_RETURN_TYPE = YES_ERROR;
				GCC_WARN_UNDECLARED_SELECTOR = YES;
				GCC_WARN_UNINITIALIZED_AUTOS = YES_AGGRESSIVE;
				GCC_WARN_UNUSED_FUNCTION = YES;
				GCC_WARN_UNUSED_VARIABLE = YES;
				IPHONEOS_DEPLOYMENT_TARGET = 17.0;
				LOCALIZATION_PREFERS_STRING_CATALOGS = YES;
				MTL_ENABLE_DEBUG_INFO = INCLUDE_SOURCE;
				MTL_FAST_MATH = YES;
				ONLY_ACTIVE_ARCH = YES;
				SDKROOT = iphoneos;
				SWIFT_ACTIVE_COMPILATION_CONDITIONS = "DEBUG $(inherited)";
				SWIFT_OPTIMIZATION_LEVEL = "-Onone";
			};
			name = Debug;
		};
		1B6684322B1E6577006C5E33 /* Release */ = {
			isa = XCBuildConfiguration;
			buildSettings = {
				ALWAYS_SEARCH_USER_PATHS = NO;
				ASSETCATALOG_COMPILER_GENERATE_SWIFT_ASSET_SYMBOL_EXTENSIONS = YES;
				CLANG_ANALYZER_NONNULL = YES;
				CLANG_ANALYZER_NUMBER_OBJECT_CONVERSION = YES_AGGRESSIVE;
				CLANG_CXX_LANGUAGE_STANDARD = "gnu++20";
				CLANG_ENABLE_MODULES = YES;
				CLANG_ENABLE_OBJC_ARC = YES;
				CLANG_ENABLE_OBJC_WEAK = YES;
				CLANG_WARN_BLOCK_CAPTURE_AUTORELEASING = YES;
				CLANG_WARN_BOOL_CONVERSION = YES;
				CLANG_WARN_COMMA = YES;
				CLANG_WARN_CONSTANT_CONVERSION = YES;
				CLANG_WARN_DEPRECATED_OBJC_IMPLEMENTATIONS = YES;
				CLANG_WARN_DIRECT_OBJC_ISA_USAGE = YES_ERROR;
				CLANG_WARN_DOCUMENTATION_COMMENTS = YES;
				CLANG_WARN_EMPTY_BODY = YES;
				CLANG_WARN_ENUM_CONVERSION = YES;
				CLANG_WARN_INFINITE_RECURSION = YES;
				CLANG_WARN_INT_CONVERSION = YES;
				CLANG_WARN_NON_LITERAL_NULL_CONVERSION = YES;
				CLANG_WARN_OBJC_IMPLICIT_RETAIN_SELF = YES;
				CLANG_WARN_OBJC_LITERAL_CONVERSION = YES;
				CLANG_WARN_OBJC_ROOT_CLASS = YES_ERROR;
				CLANG_WARN_QUOTED_INCLUDE_IN_FRAMEWORK_HEADER = YES;
				CLANG_WARN_RANGE_LOOP_ANALYSIS = YES;
				CLANG_WARN_STRICT_PROTOTYPES = YES;
				CLANG_WARN_SUSPICIOUS_MOVE = YES;
				CLANG_WARN_UNGUARDED_AVAILABILITY = YES_AGGRESSIVE;
				CLANG_WARN_UNREACHABLE_CODE = YES;
				CLANG_WARN__DUPLICATE_METHOD_MATCH = YES;
				COPY_PHASE_STRIP = NO;
				DEBUG_INFORMATION_FORMAT = "dwarf-with-dsym";
				ENABLE_NS_ASSERTIONS = NO;
				ENABLE_STRICT_OBJC_MSGSEND = YES;
				ENABLE_USER_SCRIPT_SANDBOXING = YES;
				GCC_C_LANGUAGE_STANDARD = gnu17;
				GCC_NO_COMMON_BLOCKS = YES;
				GCC_WARN_64_TO_32_BIT_CONVERSION = YES;
				GCC_WARN_ABOUT_RETURN_TYPE = YES_ERROR;
				GCC_WARN_UNDECLARED_SELECTOR = YES;
				GCC_WARN_UNINITIALIZED_AUTOS = YES_AGGRESSIVE;
				GCC_WARN_UNUSED_FUNCTION = YES;
				GCC_WARN_UNUSED_VARIABLE = YES;
				IPHONEOS_DEPLOYMENT_TARGET = 17.0;
				LOCALIZATION_PREFERS_STRING_CATALOGS = YES;
				MTL_ENABLE_DEBUG_INFO = NO;
				MTL_FAST_MATH = YES;
				SDKROOT = iphoneos;
				SWIFT_COMPILATION_MODE = wholemodule;
				VALIDATE_PRODUCT = YES;
			};
			name = Release;
		};
		1B6684342B1E6577006C5E33 /* Debug */ = {
			isa = XCBuildConfiguration;
			buildSettings = {
				ASSETCATALOG_COMPILER_APPICON_NAME = AppIcon;
				ASSETCATALOG_COMPILER_GLOBAL_ACCENT_COLOR_NAME = AccentColor;
				CODE_SIGN_STYLE = Automatic;
				CURRENT_PROJECT_VERSION = 1;
				DEVELOPMENT_TEAM = 74V8J2W6H8;
				GENERATE_INFOPLIST_FILE = YES;
				INFOPLIST_FILE = SwitchWizard/Info.plist;
				INFOPLIST_KEY_CFBundleDisplayName = "Switch Wizard";
				INFOPLIST_KEY_UIApplicationSupportsIndirectInputEvents = YES;
				INFOPLIST_KEY_UILaunchStoryboardName = LaunchScreen;
				INFOPLIST_KEY_UIMainStoryboardFile = Main;
				INFOPLIST_KEY_UISupportedInterfaceOrientations_iPad = "UIInterfaceOrientationPortrait UIInterfaceOrientationPortraitUpsideDown UIInterfaceOrientationLandscapeLeft UIInterfaceOrientationLandscapeRight";
				INFOPLIST_KEY_UISupportedInterfaceOrientations_iPhone = "UIInterfaceOrientationPortrait UIInterfaceOrientationLandscapeLeft UIInterfaceOrientationLandscapeRight";
				IPHONEOS_DEPLOYMENT_TARGET = 15.2;
				LD_RUNPATH_SEARCH_PATHS = (
					"$(inherited)",
					"@executable_path/Frameworks",
				);
				MARKETING_VERSION = 1.0;
				PRODUCT_BUNDLE_IDENTIFIER = whitecloudz.SwitchWizard;
				PRODUCT_NAME = "$(TARGET_NAME)";
				SWIFT_EMIT_LOC_STRINGS = YES;
				SWIFT_VERSION = 5.0;
				TARGETED_DEVICE_FAMILY = "1,2";
			};
			name = Debug;
		};
		1B6684352B1E6577006C5E33 /* Release */ = {
			isa = XCBuildConfiguration;
			buildSettings = {
				ASSETCATALOG_COMPILER_APPICON_NAME = AppIcon;
				ASSETCATALOG_COMPILER_GLOBAL_ACCENT_COLOR_NAME = AccentColor;
				CODE_SIGN_STYLE = Automatic;
				CURRENT_PROJECT_VERSION = 1;
				DEVELOPMENT_TEAM = 74V8J2W6H8;
				GENERATE_INFOPLIST_FILE = YES;
				INFOPLIST_FILE = SwitchWizard/Info.plist;
				INFOPLIST_KEY_CFBundleDisplayName = "Switch Wizard";
				INFOPLIST_KEY_UIApplicationSupportsIndirectInputEvents = YES;
				INFOPLIST_KEY_UILaunchStoryboardName = LaunchScreen;
				INFOPLIST_KEY_UIMainStoryboardFile = Main;
				INFOPLIST_KEY_UISupportedInterfaceOrientations_iPad = "UIInterfaceOrientationPortrait UIInterfaceOrientationPortraitUpsideDown UIInterfaceOrientationLandscapeLeft UIInterfaceOrientationLandscapeRight";
				INFOPLIST_KEY_UISupportedInterfaceOrientations_iPhone = "UIInterfaceOrientationPortrait UIInterfaceOrientationLandscapeLeft UIInterfaceOrientationLandscapeRight";
				IPHONEOS_DEPLOYMENT_TARGET = 15.2;
				LD_RUNPATH_SEARCH_PATHS = (
					"$(inherited)",
					"@executable_path/Frameworks",
				);
				MARKETING_VERSION = 1.0;
				PRODUCT_BUNDLE_IDENTIFIER = whitecloudz.SwitchWizard;
				PRODUCT_NAME = "$(TARGET_NAME)";
				SWIFT_EMIT_LOC_STRINGS = YES;
				SWIFT_VERSION = 5.0;
				TARGETED_DEVICE_FAMILY = "1,2";
			};
			name = Release;
		};
		1B6684372B1E6577006C5E33 /* Debug */ = {
			isa = XCBuildConfiguration;
			buildSettings = {
				ALWAYS_EMBED_SWIFT_STANDARD_LIBRARIES = YES;
				BUNDLE_LOADER = "$(TEST_HOST)";
				CODE_SIGN_STYLE = Automatic;
				CURRENT_PROJECT_VERSION = 1;
				DEVELOPMENT_TEAM = 74V8J2W6H8;
				GENERATE_INFOPLIST_FILE = YES;
				IPHONEOS_DEPLOYMENT_TARGET = 17.0;
				MARKETING_VERSION = 1.0;
				PRODUCT_BUNDLE_IDENTIFIER = WhiteCloud.SwitchWizardTests;
				PRODUCT_NAME = "$(TARGET_NAME)";
				SWIFT_EMIT_LOC_STRINGS = NO;
				SWIFT_VERSION = 5.0;
				TARGETED_DEVICE_FAMILY = "1,2";
				TEST_HOST = "$(BUILT_PRODUCTS_DIR)/SwitchWizard.app/$(BUNDLE_EXECUTABLE_FOLDER_PATH)/SwitchWizard";
			};
			name = Debug;
		};
		1B6684382B1E6577006C5E33 /* Release */ = {
			isa = XCBuildConfiguration;
			buildSettings = {
				ALWAYS_EMBED_SWIFT_STANDARD_LIBRARIES = YES;
				BUNDLE_LOADER = "$(TEST_HOST)";
				CODE_SIGN_STYLE = Automatic;
				CURRENT_PROJECT_VERSION = 1;
				DEVELOPMENT_TEAM = 74V8J2W6H8;
				GENERATE_INFOPLIST_FILE = YES;
				IPHONEOS_DEPLOYMENT_TARGET = 17.0;
				MARKETING_VERSION = 1.0;
				PRODUCT_BUNDLE_IDENTIFIER = WhiteCloud.SwitchWizardTests;
				PRODUCT_NAME = "$(TARGET_NAME)";
				SWIFT_EMIT_LOC_STRINGS = NO;
				SWIFT_VERSION = 5.0;
				TARGETED_DEVICE_FAMILY = "1,2";
				TEST_HOST = "$(BUILT_PRODUCTS_DIR)/SwitchWizard.app/$(BUNDLE_EXECUTABLE_FOLDER_PATH)/SwitchWizard";
			};
			name = Release;
		};
		1B66843A2B1E6577006C5E33 /* Debug */ = {
			isa = XCBuildConfiguration;
			buildSettings = {
				ALWAYS_EMBED_SWIFT_STANDARD_LIBRARIES = YES;
				CODE_SIGN_STYLE = Automatic;
				CURRENT_PROJECT_VERSION = 1;
				DEVELOPMENT_TEAM = 74V8J2W6H8;
				GENERATE_INFOPLIST_FILE = YES;
				MARKETING_VERSION = 1.0;
				PRODUCT_BUNDLE_IDENTIFIER = WhiteCloud.SwitchWizardUITests;
				PRODUCT_NAME = "$(TARGET_NAME)";
				SWIFT_EMIT_LOC_STRINGS = NO;
				SWIFT_VERSION = 5.0;
				TARGETED_DEVICE_FAMILY = "1,2";
				TEST_TARGET_NAME = SwitchWizard;
			};
			name = Debug;
		};
		1B66843B2B1E6577006C5E33 /* Release */ = {
			isa = XCBuildConfiguration;
			buildSettings = {
				ALWAYS_EMBED_SWIFT_STANDARD_LIBRARIES = YES;
				CODE_SIGN_STYLE = Automatic;
				CURRENT_PROJECT_VERSION = 1;
				DEVELOPMENT_TEAM = 74V8J2W6H8;
				GENERATE_INFOPLIST_FILE = YES;
				MARKETING_VERSION = 1.0;
				PRODUCT_BUNDLE_IDENTIFIER = WhiteCloud.SwitchWizardUITests;
				PRODUCT_NAME = "$(TARGET_NAME)";
				SWIFT_EMIT_LOC_STRINGS = NO;
				SWIFT_VERSION = 5.0;
				TARGETED_DEVICE_FAMILY = "1,2";
				TEST_TARGET_NAME = SwitchWizard;
			};
			name = Release;
		};
/* End XCBuildConfiguration section */

/* Begin XCConfigurationList section */
		1B6684012B1E6576006C5E33 /* Build configuration list for PBXProject "SwitchWizard" */ = {
			isa = XCConfigurationList;
			buildConfigurations = (
				1B6684312B1E6577006C5E33 /* Debug */,
				1B6684322B1E6577006C5E33 /* Release */,
			);
			defaultConfigurationIsVisible = 0;
			defaultConfigurationName = Release;
		};
		1B6684332B1E6577006C5E33 /* Build configuration list for PBXNativeTarget "SwitchWizard" */ = {
			isa = XCConfigurationList;
			buildConfigurations = (
				1B6684342B1E6577006C5E33 /* Debug */,
				1B6684352B1E6577006C5E33 /* Release */,
			);
			defaultConfigurationIsVisible = 0;
			defaultConfigurationName = Release;
		};
		1B6684362B1E6577006C5E33 /* Build configuration list for PBXNativeTarget "SwitchWizardTests" */ = {
			isa = XCConfigurationList;
			buildConfigurations = (
				1B6684372B1E6577006C5E33 /* Debug */,
				1B6684382B1E6577006C5E33 /* Release */,
			);
			defaultConfigurationIsVisible = 0;
			defaultConfigurationName = Release;
		};
		1B6684392B1E6577006C5E33 /* Build configuration list for PBXNativeTarget "SwitchWizardUITests" */ = {
			isa = XCConfigurationList;
			buildConfigurations = (
				1B66843A2B1E6577006C5E33 /* Debug */,
				1B66843B2B1E6577006C5E33 /* Release */,
			);
			defaultConfigurationIsVisible = 0;
			defaultConfigurationName = Release;
		};
/* End XCConfigurationList section */

/* Begin XCVersionGroup section */
		1B6684122B1E6576006C5E33 /* SwitchWizard.xcdatamodeld */ = {
			isa = XCVersionGroup;
			children = (
				1B6684132B1E6576006C5E33 /* SwitchWizard.xcdatamodel */,
			);
			currentVersion = 1B6684132B1E6576006C5E33 /* SwitchWizard.xcdatamodel */;
			path = SwitchWizard.xcdatamodeld;
			sourceTree = "<group>";
			versionGroupType = wrapper.xcdatamodel;
		};
/* End XCVersionGroup section */
	};
	rootObject = 1B6683FE2B1E6576006C5E33 /* Project object */;
}
